
Microsoft Visual Studio Solution File, Format Version 12.00
# Visual Studio Version 17
VisualStudioVersion = 17.5.002.0
MinimumVisualStudioVersion = 10.0.40219.1
Project("{9A19103F-16F7-4668-BE54-9A1E7A4F7556}") = "InfluxQl.Tests", "InfluxQl.Tests\InfluxQl.Tests.csproj", "{43494CFC-ED67-4487-BEB5-39F2A9FAC219}"
EndProject
Project("{9A19103F-16F7-4668-BE54-9A1E7A4F7556}") = "InfluxQl.Client", "InfluxQl.Client\InfluxQl.Client.csproj", "{DED2CDBE-D1BE-4AAD-B6E5-529232EF60BD}"
EndProject
Project("{9A19103F-16F7-4668-BE54-9A1E7A4F7556}") = "InfluxQl.Console", "InfluxQl.Console\InfluxQl.Console.csproj", "{F448E9CF-BE86-4289-B576-7CA6E203AF04}"
EndProject
Global
	GlobalSection(SolutionConfigurationPlatforms) = preSolution
		Debug|Any CPU = Debug|Any CPU
		Release|Any CPU = Release|Any CPU
	EndGlobalSection
	GlobalSection(ProjectConfigurationPlatforms) = postSolution
		{43494CFC-ED67-4487-BEB5-39F2A9FAC219}.Debug|Any CPU.ActiveCfg = Debug|Any CPU
		{43494CFC-ED67-4487-BEB5-39F2A9FAC219}.Debug|Any CPU.Build.0 = Debug|Any CPU
		{43494CFC-ED67-4487-BEB5-39F2A9FAC219}.Release|Any CPU.ActiveCfg = Release|Any CPU
		{43494CFC-ED67-4487-BEB5-39F2A9FAC219}.Release|Any CPU.Build.0 = Release|Any CPU
		{DED2CDBE-D1BE-4AAD-B6E5-529232EF60BD}.Debug|Any CPU.ActiveCfg = Debug|Any CPU
		{DED2CDBE-D1BE-4AAD-B6E5-529232EF60BD}.Debug|Any CPU.Build.0 = Debug|Any CPU
		{DED2CDBE-D1BE-4AAD-B6E5-529232EF60BD}.Release|Any CPU.ActiveCfg = Release|Any CPU
		{DED2CDBE-D1BE-4AAD-B6E5-529232EF60BD}.Release|Any CPU.Build.0 = Release|Any CPU
		{F448E9CF-BE86-4289-B576-7CA6E203AF04}.Debug|Any CPU.ActiveCfg = Debug|Any CPU
		{F448E9CF-BE86-4289-B576-7CA6E203AF04}.Debug|Any CPU.Build.0 = Debug|Any CPU
		{F448E9CF-BE86-4289-B576-7CA6E203AF04}.Release|Any CPU.ActiveCfg = Release|Any CPU
		{F448E9CF-BE86-4289-B576-7CA6E203AF04}.Release|Any CPU.Build.0 = Release|Any CPU
	EndGlobalSection
	GlobalSection(SolutionProperties) = preSolution
		HideSolutionNode = FALSE
	EndGlobalSection
	GlobalSection(ExtensibilityGlobals) = postSolution
		SolutionGuid = {D8B48095-CC9B-409B-8DCD-FA7FC2077729}
	EndGlobalSection
EndGlobal
